
Microsoft Visual Studio Solution File, Format Version 12.00
# Visual Studio Version 17
VisualStudioVersion = 17.4.33110.190
MinimumVisualStudioVersion = 10.0.40219.1
Project("{9A19103F-16F7-4668-BE54-9A1E7A4F7556}") = "MyMovie", "MyMovie.csproj", "{160459B7-551E-45B8-93BD-AA095DD3F529}"
EndProject
Project("{FAE04EC0-301F-11D3-BF4B-00C04F79EFBC}") = "FunctionSearch", "..\FunctionSearch\FunctionSearch.csproj", "{45EFC6BD-8F74-494E-A833-D6CE824B89F3}"
EndProject
Project("{FAE04EC0-301F-11D3-BF4B-00C04F79EFBC}") = "FunctionGetUserdata", "..\FunctionGetUserdata\FunctionGetUserdata.csproj", "{A990786E-E7D8-4661-8D6D-3D69BDC5E5D2}"
EndProject
Project("{FAE04EC0-301F-11D3-BF4B-00C04F79EFBC}") = "FunctionSetUserdata", "..\FunctionSetUserdata\FunctionSetUserdata.csproj", "{3E48122E-9969-44C7-8B0B-5990A6FD18E5}"
EndProject
Project("{FAE04EC0-301F-11D3-BF4B-00C04F79EFBC}") = "FunctionDropUserdata", "..\FunctionDropUserdata\FunctionDropUserdata.csproj", "{C5A8AAAD-2A16-4C4D-B7A8-F91DA2EEF5C7}"
EndProject
Project("{FAE04EC0-301F-11D3-BF4B-00C04F79EFBC}") = "FunctionClearUserdata", "..\FunctionClearUserdata\FunctionClearUserdata.csproj", "{D2B4112C-0480-436B-AFA1-C2736DE43ED3}"
EndProject
Global
	GlobalSection(SolutionConfigurationPlatforms) = preSolution
		Debug|Any CPU = Debug|Any CPU
		Release|Any CPU = Release|Any CPU
	EndGlobalSection
	GlobalSection(ProjectConfigurationPlatforms) = postSolution
		{160459B7-551E-45B8-93BD-AA095DD3F529}.Debug|Any CPU.ActiveCfg = Debug|Any CPU
		{160459B7-551E-45B8-93BD-AA095DD3F529}.Debug|Any CPU.Build.0 = Debug|Any CPU
		{160459B7-551E-45B8-93BD-AA095DD3F529}.Release|Any CPU.ActiveCfg = Release|Any CPU
		{160459B7-551E-45B8-93BD-AA095DD3F529}.Release|Any CPU.Build.0 = Release|Any CPU
		{45EFC6BD-8F74-494E-A833-D6CE824B89F3}.Debug|Any CPU.ActiveCfg = Debug|Any CPU
		{45EFC6BD-8F74-494E-A833-D6CE824B89F3}.Debug|Any CPU.Build.0 = Debug|Any CPU
		{45EFC6BD-8F74-494E-A833-D6CE824B89F3}.Release|Any CPU.ActiveCfg = Release|Any CPU
		{45EFC6BD-8F74-494E-A833-D6CE824B89F3}.Release|Any CPU.Build.0 = Release|Any CPU
		{A990786E-E7D8-4661-8D6D-3D69BDC5E5D2}.Debug|Any CPU.ActiveCfg = Debug|Any CPU
		{A990786E-E7D8-4661-8D6D-3D69BDC5E5D2}.Debug|Any CPU.Build.0 = Debug|Any CPU
		{A990786E-E7D8-4661-8D6D-3D69BDC5E5D2}.Release|Any CPU.ActiveCfg = Release|Any CPU
		{A990786E-E7D8-4661-8D6D-3D69BDC5E5D2}.Release|Any CPU.Build.0 = Release|Any CPU
		{3E48122E-9969-44C7-8B0B-5990A6FD18E5}.Debug|Any CPU.ActiveCfg = Debug|Any CPU
		{3E48122E-9969-44C7-8B0B-5990A6FD18E5}.Debug|Any CPU.Build.0 = Debug|Any CPU
		{3E48122E-9969-44C7-8B0B-5990A6FD18E5}.Release|Any CPU.ActiveCfg = Release|Any CPU
		{3E48122E-9969-44C7-8B0B-5990A6FD18E5}.Release|Any CPU.Build.0 = Release|Any CPU
		{C5A8AAAD-2A16-4C4D-B7A8-F91DA2EEF5C7}.Debug|Any CPU.ActiveCfg = Debug|Any CPU
		{C5A8AAAD-2A16-4C4D-B7A8-F91DA2EEF5C7}.Debug|Any CPU.Build.0 = Debug|Any CPU
		{C5A8AAAD-2A16-4C4D-B7A8-F91DA2EEF5C7}.Release|Any CPU.ActiveCfg = Release|Any CPU
		{C5A8AAAD-2A16-4C4D-B7A8-F91DA2EEF5C7}.Release|Any CPU.Build.0 = Release|Any CPU
		{D2B4112C-0480-436B-AFA1-C2736DE43ED3}.Debug|Any CPU.ActiveCfg = Debug|Any CPU
		{D2B4112C-0480-436B-AFA1-C2736DE43ED3}.Debug|Any CPU.Build.0 = Debug|Any CPU
		{D2B4112C-0480-436B-AFA1-C2736DE43ED3}.Release|Any CPU.ActiveCfg = Release|Any CPU
		{D2B4112C-0480-436B-AFA1-C2736DE43ED3}.Release|Any CPU.Build.0 = Release|Any CPU
	EndGlobalSection
	GlobalSection(SolutionProperties) = preSolution
		HideSolutionNode = FALSE
	EndGlobalSection
	GlobalSection(ExtensibilityGlobals) = postSolution
		SolutionGuid = {40320F57-99F9-42B1-8B2A-024F9F99C427}
	EndGlobalSection
EndGlobal
